<?xml version="1.0" encoding="utf-8"?>
<Project ToolsVersion="4.0" xmlns="http://schemas.microsoft.com/developer/msbuild/2003">
  <ItemGroup>
    <ClCompile Include="src\testApp.cpp">
      <Filter>src</Filter>
    </ClCompile>
    <ClCompile Include="src\main.cpp">
      <Filter>src</Filter>
    </ClCompile>
    <ClCompile Include="..\..\..\addons\TUIO_CPP\TUIO\TuioClient.cpp">
      <Filter>Tuio</Filter>
    </ClCompile>
    <ClCompile Include="..\..\..\addons\TUIO_CPP\TUIO\TuioServer.cpp">
      <Filter>Tuio</Filter>
    </ClCompile>
    <ClCompile Include="..\..\..\addons\TUIO_CPP\TUIO\TuioTime.cpp">
      <Filter>Tuio</Filter>
    </ClCompile>
    <ClCompile Include="..\..\..\addons\TUIO_CPP\oscpack\ip\IpEndpointName.cpp">
      <Filter>Tuio\oscpack\ip</Filter>
    </ClCompile>
    <ClCompile Include="..\..\..\addons\TUIO_CPP\oscpack\ip\win32\NetworkingUtils.cpp">
      <Filter>Tuio\oscpack\ip</Filter>
    </ClCompile>
    <ClCompile Include="..\..\..\addons\TUIO_CPP\oscpack\ip\win32\UdpSocket.cpp">
      <Filter>Tuio\oscpack\ip</Filter>
    </ClCompile>
    <ClCompile Include="..\..\..\addons\TUIO_CPP\oscpack\osc\OscOutboundPacketStream.cpp">
      <Filter>Tuio\oscpack\osc</Filter>
    </ClCompile>
    <ClCompile Include="..\..\..\addons\TUIO_CPP\oscpack\osc\OscPrintReceivedElements.cpp">
      <Filter>Tuio\oscpack\osc</Filter>
    </ClCompile>
    <ClCompile Include="..\..\..\addons\TUIO_CPP\oscpack\osc\OscReceivedElements.cpp">
      <Filter>Tuio\oscpack\osc</Filter>
    </ClCompile>
    <ClCompile Include="..\..\..\addons\TUIO_CPP\oscpack\osc\OscTypes.cpp">
      <Filter>Tuio\oscpack\osc</Filter>
    </ClCompile>
    <ClCompile Include="..\..\..\addons\ofxTuioWrapper\src\ofxTuioClient.cpp">
      <Filter>ofxTuioClient</Filter>
    </ClCompile>
    <ClCompile Include="..\..\..\addons\ofxNetwork\src\ofxTCPClient.cpp">
      <Filter>ofxNetwork\src</Filter>
    </ClCompile>
    <ClCompile Include="..\..\..\addons\ofxNetwork\src\ofxTCPManager.cpp">
      <Filter>ofxNetwork\src</Filter>
    </ClCompile>
    <ClCompile Include="..\..\..\addons\ofxNetwork\src\ofxTCPServer.cpp">
      <Filter>ofxNetwork\src</Filter>
    </ClCompile>
    <ClCompile Include="..\..\..\addons\ofxNetwork\src\ofxUDPManager.cpp">
      <Filter>ofxNetwork\src</Filter>
    </ClCompile>
  </ItemGroup>
  <ItemGroup>
    <Filter Include="src">
      <UniqueIdentifier>{d8376475-7454-4a24-b08a-aac121d3ad6f}</UniqueIdentifier>
    </Filter>
    <Filter Include="Tuio">
      <UniqueIdentifier>{12f7ea56-8484-4fac-9daf-02a4cce9ff61}</UniqueIdentifier>
    </Filter>
    <Filter Include="Tuio\oscpack">
      <UniqueIdentifier>{d6d0bb2a-067a-4002-91a9-fc50b5d6846b}</UniqueIdentifier>
    </Filter>
    <Filter Include="Tuio\oscpack\ip">
      <UniqueIdentifier>{761f3d6f-68db-4023-962d-b21db3632f52}</UniqueIdentifier>
    </Filter>
    <Filter Include="Tuio\oscpack\osc">
      <UniqueIdentifier>{4e6b78e5-24b9-4c54-9efd-f479b973809e}</UniqueIdentifier>
    </Filter>
    <Filter Include="ofxTuioClient">
      <UniqueIdentifier>{aa0a60f5-9f6e-4394-8b40-160e6d49c028}</UniqueIdentifier>
    </Filter>
    <Filter Include="ofxNetwork">
      <UniqueIdentifier>{be9b2ce8-efbd-402e-a3ed-f595d7e34b8c}</UniqueIdentifier>
    </Filter>
    <Filter Include="ofxNetwork\src">
      <UniqueIdentifier>{6457d0b7-72b5-4978-850c-64fe26f81dc2}</UniqueIdentifier>
    </Filter>
  </ItemGroup>
  <ItemGroup>
    <ClInclude Include="src\testApp.h">
      <Filter>src</Filter>
    </ClInclude>
    <ClInclude Include="..\..\..\addons\TUIO_CPP\TUIO\TuioClient.h">
      <Filter>Tuio</Filter>
    </ClInclude>
    <ClInclude Include="..\..\..\addons\TUIO_CPP\TUIO\TuioContainer.h">
      <Filter>Tuio</Filter>
    </ClInclude>
    <ClInclude Include="..\..\..\addons\TUIO_CPP\TUIO\TuioCursor.h">
      <Filter>Tuio</Filter>
    </ClInclude>
    <ClInclude Include="..\..\..\addons\TUIO_CPP\TUIO\TuioListener.h">
      <Filter>Tuio</Filter>
    </ClInclude>
    <ClInclude Include="..\..\..\addons\TUIO_CPP\TUIO\TuioObject.h">
      <Filter>Tuio</Filter>
    </ClInclude>
    <ClInclude Include="..\..\..\addons\TUIO_CPP\TUIO\TuioPoint.h">
      <Filter>Tuio</Filter>
    </ClInclude>
    <ClInclude Include="..\..\..\addons\TUIO_CPP\TUIO\TuioServer.h">
      <Filter>Tuio</Filter>
    </ClInclude>
    <ClInclude Include="..\..\..\addons\TUIO_CPP\TUIO\TuioTime.h">
      <Filter>Tuio</Filter>
    </ClInclude>
    <ClInclude Include="..\..\..\addons\TUIO_CPP\oscpack\ip\IpEndpointName.h">
      <Filter>Tuio\oscpack\ip</Filter>
    </ClInclude>
    <ClInclude Include="..\..\..\addons\TUIO_CPP\oscpack\ip\NetworkingUtils.h">
      <Filter>Tuio\oscpack\ip</Filter>
    </ClInclude>
    <ClInclude Include="..\..\..\addons\TUIO_CPP\oscpack\ip\PacketListener.h">
      <Filter>Tuio\oscpack\ip</Filter>
    </ClInclude>
    <ClInclude Include="..\..\..\addons\TUIO_CPP\oscpack\ip\TimerListener.h">
      <Filter>Tuio\oscpack\ip</Filter>
    </ClInclude>
    <ClInclude Include="..\..\..\addons\TUIO_CPP\oscpack\ip\UdpSocket.h">
      <Filter>Tuio\oscpack\ip</Filter>
    </ClInclude>
    <ClInclude Include="..\..\..\addons\TUIO_CPP\oscpack\osc\MessageMappingOscPacketListener.h">
      <Filter>Tuio\oscpack\osc</Filter>
    </ClInclude>
    <ClInclude Include="..\..\..\addons\TUIO_CPP\oscpack\osc\OscException.h">
      <Filter>Tuio\oscpack\osc</Filter>
    </ClInclude>
    <ClInclude Include="..\..\..\addons\TUIO_CPP\oscpack\osc\OscHostEndianness.h">
      <Filter>Tuio\oscpack\osc</Filter>
    </ClInclude>
    <ClInclude Include="..\..\..\addons\TUIO_CPP\oscpack\osc\OscOutboundPacketStream.h">
      <Filter>Tuio\oscpack\osc</Filter>
    </ClInclude>
    <ClInclude Include="..\..\..\addons\TUIO_CPP\oscpack\osc\OscPacketListener.h">
      <Filter>Tuio\oscpack\osc</Filter>
    </ClInclude>
    <ClInclude Include="..\..\..\addons\TUIO_CPP\oscpack\osc\OscPrintReceivedElements.h">
      <Filter>Tuio\oscpack\osc</Filter>
    </ClInclude>
    <ClInclude Include="..\..\..\addons\TUIO_CPP\oscpack\osc\OscReceivedElements.h">
      <Filter>Tuio\oscpack\osc</Filter>
    </ClInclude>
    <ClInclude Include="..\..\..\addons\TUIO_CPP\oscpack\osc\OscTypes.h">
      <Filter>Tuio\oscpack\osc</Filter>
    </ClInclude>
    <ClInclude Include="..\..\..\addons\ofxTuioWrapper\src\ofxTuioClient.h">
      <Filter>ofxTuioClient</Filter>
    </ClInclude>
    <ClInclude Include="src\config.h">
      <Filter>src</Filter>
    </ClInclude>
    <ClInclude Include="..\..\..\addons\ofxNetwork\src\ofxNetwork.h">
      <Filter>ofxNetwork\src</Filter>
    </ClInclude>
    <ClInclude Include="..\..\..\addons\ofxNetwork\src\ofxNetworkUtils.h">
      <Filter>ofxNetwork\src</Filter>
    </ClInclude>
    <ClInclude Include="..\..\..\addons\ofxNetwork\src\ofxTCPClient.h">
      <Filter>ofxNetwork\src</Filter>
    </ClInclude>
    <ClInclude Include="..\..\..\addons\ofxNetwork\src\ofxTCPManager.h">
      <Filter>ofxNetwork\src</Filter>
    </ClInclude>
    <ClInclude Include="..\..\..\addons\ofxNetwork\src\ofxTCPServer.h">
      <Filter>ofxNetwork\src</Filter>
    </ClInclude>
    <ClInclude Include="..\..\..\addons\ofxNetwork\src\ofxUDPManager.h">
      <Filter>ofxNetwork\src</Filter>
    </ClInclude>
  </ItemGroup>
  <ItemGroup>
    <ResourceCompile Include="icon.rc" />
  </ItemGroup>
</Project>